PODS:
  - SnapKit (0.21.1)
  - WebEditor (0.1.0):
    - SnapKit

DEPENDENCIES:
  - WebEditor (from `../`)

EXTERNAL SOURCES:
  WebEditor:
    :path: ../

SPEC CHECKSUMS:
  SnapKit: bbad04cb016c7cead63965f16b00c09318d271ee
  WebEditor: 53881062af5c74f480f3b13d8d607b1654c97e3b

PODFILE CHECKSUM: daf19b9189d69e4d03acb366c9b887b51539c09b

COCOAPODS: 1.0.0
